
Microsoft Visual Studio Solution File, Format Version 12.00
# Visual Studio Version 16
VisualStudioVersion = 16.0.30028.174
MinimumVisualStudioVersion = 10.0.40219.1
Project("{9A19103F-16F7-4668-BE54-9A1E7A4F7556}") = "Naif.Blog.UI", "src\Naif.Blog.UI\Naif.Blog.UI.csproj", "{0F84DED7-1329-450E-A4CD-A5099F52A5BC}"
EndProject
Project("{2150E333-8FDC-42A3-9474-1A3956D46DE8}") = "Solution Items", "Solution Items", "{684E77A5-C539-46CD-A758-DF34378E05EC}"
	ProjectSection(SolutionItems) = preProject
		.gitignore = .gitignore
		azure-pipelines.yml = azure-pipelines.yml
		README.md = README.md
	EndProjectSection
EndProject
Global
	GlobalSection(SolutionConfigurationPlatforms) = preSolution
		Debug|Any CPU = Debug|Any CPU
		Release|Any CPU = Release|Any CPU
	EndGlobalSection
	GlobalSection(ProjectConfigurationPlatforms) = postSolution
		{0F84DED7-1329-450E-A4CD-A5099F52A5BC}.Debug|Any CPU.ActiveCfg = Debug|Any CPU
		{0F84DED7-1329-450E-A4CD-A5099F52A5BC}.Debug|Any CPU.Build.0 = Debug|Any CPU
		{0F84DED7-1329-450E-A4CD-A5099F52A5BC}.Release|Any CPU.ActiveCfg = Release|Any CPU
		{0F84DED7-1329-450E-A4CD-A5099F52A5BC}.Release|Any CPU.Build.0 = Release|Any CPU
	EndGlobalSection
	GlobalSection(SolutionProperties) = preSolution
		HideSolutionNode = FALSE
	EndGlobalSection
	GlobalSection(ExtensibilityGlobals) = postSolution
		SolutionGuid = {EB052712-360C-4D2D-8949-7CAF550E536F}
	EndGlobalSection
EndGlobal
